
Microsoft Visual Studio Solution File, Format Version 12.00
# Visual Studio Version 17
VisualStudioVersion = 17.11.35327.3
MinimumVisualStudioVersion = 10.0.40219.1
Project("{FAE04EC0-301F-11D3-BF4B-00C04F79EFBC}") = "Benchmark", "Benchmark\Benchmark.csproj", "{CF60E8B6-51C4-47A1-B2C0-DDAF7826B84B}"
EndProject
Global
	GlobalSection(SolutionConfigurationPlatforms) = preSolution
		Debug|Any CPU = Debug|Any CPU
		Release|Any CPU = Release|Any CPU
	EndGlobalSection
	GlobalSection(ProjectConfigurationPlatforms) = postSolution
		{CF60E8B6-51C4-47A1-B2C0-DDAF7826B84B}.Debug|Any CPU.ActiveCfg = Debug|Any CPU
		{CF60E8B6-51C4-47A1-B2C0-DDAF7826B84B}.Debug|Any CPU.Build.0 = Debug|Any CPU
		{CF60E8B6-51C4-47A1-B2C0-DDAF7826B84B}.Release|Any CPU.ActiveCfg = Release|Any CPU
		{CF60E8B6-51C4-47A1-B2C0-DDAF7826B84B}.Release|Any CPU.Build.0 = Release|Any CPU
	EndGlobalSection
	GlobalSection(SolutionProperties) = preSolution
		HideSolutionNode = FALSE
	EndGlobalSection
	GlobalSection(ExtensibilityGlobals) = postSolution
		SolutionGuid = {5758A86D-1C81-429F-A803-DA77DF9A45A8}
	EndGlobalSection
EndGlobal
