
Microsoft Visual Studio Solution File, Format Version 12.00
# Visual Studio Version 17
VisualStudioVersion = 17.11.35327.3
MinimumVisualStudioVersion = 10.0.40219.1
Project("{FAE04EC0-301F-11D3-BF4B-00C04F79EFBC}") = "Mince", "Mince\Mince.csproj", "{53A9C2C1-E90E-4AA0-BD43-A69500BB1C41}"
EndProject
Global
	GlobalSection(SolutionConfigurationPlatforms) = preSolution
		Debug|Any CPU = Debug|Any CPU
		Release|Any CPU = Release|Any CPU
	EndGlobalSection
	GlobalSection(ProjectConfigurationPlatforms) = postSolution
		{53A9C2C1-E90E-4AA0-BD43-A69500BB1C41}.Debug|Any CPU.ActiveCfg = Debug|Any CPU
		{53A9C2C1-E90E-4AA0-BD43-A69500BB1C41}.Debug|Any CPU.Build.0 = Debug|Any CPU
		{53A9C2C1-E90E-4AA0-BD43-A69500BB1C41}.Release|Any CPU.ActiveCfg = Release|Any CPU
		{53A9C2C1-E90E-4AA0-BD43-A69500BB1C41}.Release|Any CPU.Build.0 = Release|Any CPU
	EndGlobalSection
	GlobalSection(SolutionProperties) = preSolution
		HideSolutionNode = FALSE
	EndGlobalSection
	GlobalSection(ExtensibilityGlobals) = postSolution
		SolutionGuid = {DB814079-89A4-4784-BCC8-08D004A99208}
	EndGlobalSection
EndGlobal
